{
  "projects": [
    {
      "projectId": "2nkqSqQkeAKhDeDWZnKbMx",
      "version": "latest",
      "dependencies": {},
      "lang": "ts",
      "fileLocks": [
        {
          "type": "renderModule",
          "assetId": "aGHyZwvcR9Sx",
          "checksum": "89884fc56b8630eaa4ce4ca30daec6d2"
        },
        {
          "type": "cssRules",
          "assetId": "aGHyZwvcR9Sx",
          "checksum": "89884fc56b8630eaa4ce4ca30daec6d2"
        },
        {
          "assetId": "2nkqSqQkeAKhDeDWZnKbMx",
          "type": "projectCss",
          "checksum": "a67a1a09311aae59c16e5f772a9493e2"
        }
      ],
      "codegenVersion": "0.0.1"
    }
  ],
  "cliVersion": "0.1.330"
}
